{
	"name": "@underlay/tasl-codemirror",
	"version": "0.0.7",
	"lockfileVersion": 2,
	"requires": true,
	"packages": {
		"": {
			"name": "@underlay/tasl-codemirror",
			"version": "0.0.6",
			"license": "MIT",
			"devDependencies": {
				"typescript": "^4.2.4"
			},
			"peerDependencies": {
				"@codemirror/next": "0.16.0",
				"@underlay/apg": "1.3.0"
			}
		},
		"node_modules/@codemirror/next": {
			"version": "0.16.0",
			"resolved": "https://registry.npmjs.org/@codemirror/next/-/next-0.16.0.tgz",
			"integrity": "sha512-l45zvRlWL1wBHse8OSCXYIxQbeYaIO/DPcqyzUQQBYYdk/tM8ZaCmDqLS15dvLbN2EFkj8RgURg0srDlO6aYJw==",
			"peer": true,
			"dependencies": {
				"crelt": "^1.0.5",
				"lezer": "^0.13.0",
				"lezer-cpp": "^0.13.0",
				"lezer-css": "^0.13.0",
				"lezer-html": "^0.13.0",
				"lezer-java": "^0.13.0",
				"lezer-javascript": "^0.13.0",
				"lezer-json": "^0.13.0",
				"lezer-markdown": "^0.13.0",
				"lezer-python": "^0.13.0",
				"lezer-rust": "^0.13.0",
				"lezer-tree": "^0.13.0",
				"lezer-xml": "^0.13.0",
				"style-mod": "^3.2.0",
				"w3c-keyname": "^2.2.4"
			}
		},
		"node_modules/@underlay/apg": {
			"version": "1.3.0",
			"resolved": "https://registry.npmjs.org/@underlay/apg/-/apg-1.3.0.tgz",
			"integrity": "sha512-1CAdbExC5vpzmLbseRhcjlkifoOTXXdQLBIkqJY4/iRnrRA14kMvs0WbFXUhMV4DSuoiA/TQgI6xHiQaBiJvdQ==",
			"peer": true
		},
		"node_modules/crelt": {
			"version": "1.0.5",
			"resolved": "https://registry.npmjs.org/crelt/-/crelt-1.0.5.tgz",
			"integrity": "sha512-+BO9wPPi+DWTDcNYhr/W90myha8ptzftZT+LwcmUbbok0rcP/fequmFYCw8NMoH7pkAZQzU78b3kYrlua5a9eA==",
			"peer": true
		},
		"node_modules/lezer": {
			"version": "0.13.4",
			"resolved": "https://registry.npmjs.org/lezer/-/lezer-0.13.4.tgz",
			"integrity": "sha512-cLQxUVY28VBBqKBt/R8CYeH57KQnIvscAnoahzvhlZTK8qxMkIyGExR6ecEpYYDX06ZhROZrEm1IiPvjLAsTig==",
			"peer": true,
			"dependencies": {
				"lezer-tree": "^0.13.2"
			}
		},
		"node_modules/lezer-cpp": {
			"version": "0.13.2",
			"resolved": "https://registry.npmjs.org/lezer-cpp/-/lezer-cpp-0.13.2.tgz",
			"integrity": "sha512-YVlFzs2jkX6nRBu5ivDm1b0pNLmPgQv0rXuLkDZyc+TSdAirtDixANlT00FCOLOGbxIS/1V2Rx5i4/X+lGgOKQ==",
			"peer": true,
			"dependencies": {
				"lezer": "^0.13.0"
			}
		},
		"node_modules/lezer-css": {
			"version": "0.13.1",
			"resolved": "https://registry.npmjs.org/lezer-css/-/lezer-css-0.13.1.tgz",
			"integrity": "sha512-ke56tjG17IZ+EFiY50P2WinjhgZQB7OecRVZmYQbVuwv5iUdLemA4vLjaFsAbgoSg+4pfOms7Ns9nItoJcmFpg==",
			"peer": true,
			"dependencies": {
				"lezer": "^0.13.0"
			}
		},
		"node_modules/lezer-html": {
			"version": "0.13.4",
			"resolved": "https://registry.npmjs.org/lezer-html/-/lezer-html-0.13.4.tgz",
			"integrity": "sha512-qBBEJO+pQ8jVFin/1C7lj7QFrr+pTzRmJDgKxaZqIHr7IKzq2jN+NXQVprru4g6l+2b0h4350wKeVGP9kLkq0A==",
			"peer": true,
			"dependencies": {
				"lezer": "^0.13.3"
			}
		},
		"node_modules/lezer-java": {
			"version": "0.13.2",
			"resolved": "https://registry.npmjs.org/lezer-java/-/lezer-java-0.13.2.tgz",
			"integrity": "sha512-+BMv172xMTK5zZK0O3BM8SbQ0NK7Z99O5/QWnwt46j6fTGr79HO4n/nuxzzCmq0mQFcweqV2x3QG/L/6zRb7dQ==",
			"peer": true,
			"dependencies": {
				"lezer": "^0.13.0"
			}
		},
		"node_modules/lezer-javascript": {
			"version": "0.13.3",
			"resolved": "https://registry.npmjs.org/lezer-javascript/-/lezer-javascript-0.13.3.tgz",
			"integrity": "sha512-YvTUZUZUk69nt6flmUaPuc/9yynsPqhbpqY6GXZK/8EH9/4X7B2AmMc86hk2yBGbTMrorou8ouV7neoDRk9khA==",
			"peer": true,
			"dependencies": {
				"lezer": "^0.13.0"
			}
		},
		"node_modules/lezer-json": {
			"version": "0.13.1",
			"resolved": "https://registry.npmjs.org/lezer-json/-/lezer-json-0.13.1.tgz",
			"integrity": "sha512-iXIXSjqa/+jmaDKD4yPgpwfwQlbOcu/IaFgZ+3dgo3oVtitEVlAJYcfw8g9ywJtae3CYQlyOX9mjyi0VCNPlNg==",
			"peer": true,
			"dependencies": {
				"lezer": "^0.13.0"
			}
		},
		"node_modules/lezer-markdown": {
			"version": "0.13.0",
			"resolved": "https://registry.npmjs.org/lezer-markdown/-/lezer-markdown-0.13.0.tgz",
			"integrity": "sha512-NrWO7skcqqWAr1ui8x1Sh1vMIYlE8re4bpMcno+8/V0zsjPSKgfFqNb9NB9tUK4PJpObJab7+VG1WmCncQrLUg==",
			"peer": true,
			"dependencies": {
				"lezer-html": "^0.13.0",
				"lezer-tree": "^0.13.0"
			}
		},
		"node_modules/lezer-python": {
			"version": "0.13.6",
			"resolved": "https://registry.npmjs.org/lezer-python/-/lezer-python-0.13.6.tgz",
			"integrity": "sha512-cUZSilL3BZ+ssDkvGSOdxfL0ioajEPijWuQ31Z5vAFW8Ons53d5FILYnxRcGhZlwmBnn4cDAtxZyny0K+l6AEw==",
			"peer": true,
			"dependencies": {
				"lezer": "^0.13.2"
			}
		},
		"node_modules/lezer-rust": {
			"version": "0.13.1",
			"resolved": "https://registry.npmjs.org/lezer-rust/-/lezer-rust-0.13.1.tgz",
			"integrity": "sha512-mn27bruCQfgKsyUV4vW/cUcUtZ0TjwNOFR299ZQxfxKSs4UUg0b6Jvu436ROYo5lxquKXf2BQdFWSttMoSlysg==",
			"peer": true,
			"dependencies": {
				"lezer": "^0.13.0"
			}
		},
		"node_modules/lezer-tree": {
			"version": "0.13.2",
			"resolved": "https://registry.npmjs.org/lezer-tree/-/lezer-tree-0.13.2.tgz",
			"integrity": "sha512-15ZxW8TxVNAOkHIo43Iouv4zbSkQQ5chQHBpwXcD2bBFz46RB4jYLEEww5l1V0xyIx9U2clSyyrLes+hAUFrGQ==",
			"peer": true
		},
		"node_modules/lezer-xml": {
			"version": "0.13.4",
			"resolved": "https://registry.npmjs.org/lezer-xml/-/lezer-xml-0.13.4.tgz",
			"integrity": "sha512-mgA6ZfsxBWTG993vkVRonaHaSY4H78IChFI9+H6PiH8mJEG9OP2W1EiZmGbiv32OawF02vWzvTp3Lm3b9P1g9A==",
			"peer": true,
			"dependencies": {
				"lezer": "^0.13.3"
			}
		},
		"node_modules/style-mod": {
			"version": "3.2.2",
			"resolved": "https://registry.npmjs.org/style-mod/-/style-mod-3.2.2.tgz",
			"integrity": "sha512-7X3zF+GjUSQ/opNrzuEOqM+lF+4SOkG5aWxrNw/5rwBrHytsH1Ly8/o9e6Wnqoul2lLT1Pmue63LgiE6mEZAGw==",
			"peer": true
		},
		"node_modules/typescript": {
			"version": "4.2.4",
			"resolved": "https://registry.npmjs.org/typescript/-/typescript-4.2.4.tgz",
			"integrity": "sha512-V+evlYHZnQkaz8TRBuxTA92yZBPotr5H+WhQ7bD3hZUndx5tGOa1fuCgeSjxAzM1RiN5IzvadIXTVefuuwZCRg==",
			"dev": true,
			"bin": {
				"tsc": "bin/tsc",
				"tsserver": "bin/tsserver"
			},
			"engines": {
				"node": ">=4.2.0"
			}
		},
		"node_modules/w3c-keyname": {
			"version": "2.2.4",
			"resolved": "https://registry.npmjs.org/w3c-keyname/-/w3c-keyname-2.2.4.tgz",
			"integrity": "sha512-tOhfEwEzFLJzf6d1ZPkYfGj+FWhIpBux9ppoP3rlclw3Z0BZv3N7b7030Z1kYth+6rDuAsXUFr+d0VE6Ed1ikw==",
			"peer": true
		}
	},
	"dependencies": {
		"@codemirror/next": {
			"version": "0.16.0",
			"resolved": "https://registry.npmjs.org/@codemirror/next/-/next-0.16.0.tgz",
			"integrity": "sha512-l45zvRlWL1wBHse8OSCXYIxQbeYaIO/DPcqyzUQQBYYdk/tM8ZaCmDqLS15dvLbN2EFkj8RgURg0srDlO6aYJw==",
			"peer": true,
			"requires": {
				"crelt": "^1.0.5",
				"lezer": "^0.13.0",
				"lezer-cpp": "^0.13.0",
				"lezer-css": "^0.13.0",
				"lezer-html": "^0.13.0",
				"lezer-java": "^0.13.0",
				"lezer-javascript": "^0.13.0",
				"lezer-json": "^0.13.0",
				"lezer-markdown": "^0.13.0",
				"lezer-python": "^0.13.0",
				"lezer-rust": "^0.13.0",
				"lezer-tree": "^0.13.0",
				"lezer-xml": "^0.13.0",
				"style-mod": "^3.2.0",
				"w3c-keyname": "^2.2.4"
			}
		},
		"@underlay/apg": {
			"version": "1.3.0",
			"resolved": "https://registry.npmjs.org/@underlay/apg/-/apg-1.3.0.tgz",
			"integrity": "sha512-1CAdbExC5vpzmLbseRhcjlkifoOTXXdQLBIkqJY4/iRnrRA14kMvs0WbFXUhMV4DSuoiA/TQgI6xHiQaBiJvdQ==",
			"peer": true
		},
		"crelt": {
			"version": "1.0.5",
			"resolved": "https://registry.npmjs.org/crelt/-/crelt-1.0.5.tgz",
			"integrity": "sha512-+BO9wPPi+DWTDcNYhr/W90myha8ptzftZT+LwcmUbbok0rcP/fequmFYCw8NMoH7pkAZQzU78b3kYrlua5a9eA==",
			"peer": true
		},
		"lezer": {
			"version": "0.13.4",
			"resolved": "https://registry.npmjs.org/lezer/-/lezer-0.13.4.tgz",
			"integrity": "sha512-cLQxUVY28VBBqKBt/R8CYeH57KQnIvscAnoahzvhlZTK8qxMkIyGExR6ecEpYYDX06ZhROZrEm1IiPvjLAsTig==",
			"peer": true,
			"requires": {
				"lezer-tree": "^0.13.2"
			}
		},
		"lezer-cpp": {
			"version": "0.13.2",
			"resolved": "https://registry.npmjs.org/lezer-cpp/-/lezer-cpp-0.13.2.tgz",
			"integrity": "sha512-YVlFzs2jkX6nRBu5ivDm1b0pNLmPgQv0rXuLkDZyc+TSdAirtDixANlT00FCOLOGbxIS/1V2Rx5i4/X+lGgOKQ==",
			"peer": true,
			"requires": {
				"lezer": "^0.13.0"
			}
		},
		"lezer-css": {
			"version": "0.13.1",
			"resolved": "https://registry.npmjs.org/lezer-css/-/lezer-css-0.13.1.tgz",
			"integrity": "sha512-ke56tjG17IZ+EFiY50P2WinjhgZQB7OecRVZmYQbVuwv5iUdLemA4vLjaFsAbgoSg+4pfOms7Ns9nItoJcmFpg==",
			"peer": true,
			"requires": {
				"lezer": "^0.13.0"
			}
		},
		"lezer-html": {
			"version": "0.13.4",
			"resolved": "https://registry.npmjs.org/lezer-html/-/lezer-html-0.13.4.tgz",
			"integrity": "sha512-qBBEJO+pQ8jVFin/1C7lj7QFrr+pTzRmJDgKxaZqIHr7IKzq2jN+NXQVprru4g6l+2b0h4350wKeVGP9kLkq0A==",
			"peer": true,
			"requires": {
				"lezer": "^0.13.3"
			}
		},
		"lezer-java": {
			"version": "0.13.2",
			"resolved": "https://registry.npmjs.org/lezer-java/-/lezer-java-0.13.2.tgz",
			"integrity": "sha512-+BMv172xMTK5zZK0O3BM8SbQ0NK7Z99O5/QWnwt46j6fTGr79HO4n/nuxzzCmq0mQFcweqV2x3QG/L/6zRb7dQ==",
			"peer": true,
			"requires": {
				"lezer": "^0.13.0"
			}
		},
		"lezer-javascript": {
			"version": "0.13.3",
			"resolved": "https://registry.npmjs.org/lezer-javascript/-/lezer-javascript-0.13.3.tgz",
			"integrity": "sha512-YvTUZUZUk69nt6flmUaPuc/9yynsPqhbpqY6GXZK/8EH9/4X7B2AmMc86hk2yBGbTMrorou8ouV7neoDRk9khA==",
			"peer": true,
			"requires": {
				"lezer": "^0.13.0"
			}
		},
		"lezer-json": {
			"version": "0.13.1",
			"resolved": "https://registry.npmjs.org/lezer-json/-/lezer-json-0.13.1.tgz",
			"integrity": "sha512-iXIXSjqa/+jmaDKD4yPgpwfwQlbOcu/IaFgZ+3dgo3oVtitEVlAJYcfw8g9ywJtae3CYQlyOX9mjyi0VCNPlNg==",
			"peer": true,
			"requires": {
				"lezer": "^0.13.0"
			}
		},
		"lezer-markdown": {
			"version": "0.13.0",
			"resolved": "https://registry.npmjs.org/lezer-markdown/-/lezer-markdown-0.13.0.tgz",
			"integrity": "sha512-NrWO7skcqqWAr1ui8x1Sh1vMIYlE8re4bpMcno+8/V0zsjPSKgfFqNb9NB9tUK4PJpObJab7+VG1WmCncQrLUg==",
			"peer": true,
			"requires": {
				"lezer-html": "^0.13.0",
				"lezer-tree": "^0.13.0"
			}
		},
		"lezer-python": {
			"version": "0.13.6",
			"resolved": "https://registry.npmjs.org/lezer-python/-/lezer-python-0.13.6.tgz",
			"integrity": "sha512-cUZSilL3BZ+ssDkvGSOdxfL0ioajEPijWuQ31Z5vAFW8Ons53d5FILYnxRcGhZlwmBnn4cDAtxZyny0K+l6AEw==",
			"peer": true,
			"requires": {
				"lezer": "^0.13.2"
			}
		},
		"lezer-rust": {
			"version": "0.13.1",
			"resolved": "https://registry.npmjs.org/lezer-rust/-/lezer-rust-0.13.1.tgz",
			"integrity": "sha512-mn27bruCQfgKsyUV4vW/cUcUtZ0TjwNOFR299ZQxfxKSs4UUg0b6Jvu436ROYo5lxquKXf2BQdFWSttMoSlysg==",
			"peer": true,
			"requires": {
				"lezer": "^0.13.0"
			}
		},
		"lezer-tree": {
			"version": "0.13.2",
			"resolved": "https://registry.npmjs.org/lezer-tree/-/lezer-tree-0.13.2.tgz",
			"integrity": "sha512-15ZxW8TxVNAOkHIo43Iouv4zbSkQQ5chQHBpwXcD2bBFz46RB4jYLEEww5l1V0xyIx9U2clSyyrLes+hAUFrGQ==",
			"peer": true
		},
		"lezer-xml": {
			"version": "0.13.4",
			"resolved": "https://registry.npmjs.org/lezer-xml/-/lezer-xml-0.13.4.tgz",
			"integrity": "sha512-mgA6ZfsxBWTG993vkVRonaHaSY4H78IChFI9+H6PiH8mJEG9OP2W1EiZmGbiv32OawF02vWzvTp3Lm3b9P1g9A==",
			"peer": true,
			"requires": {
				"lezer": "^0.13.3"
			}
		},
		"style-mod": {
			"version": "3.2.2",
			"resolved": "https://registry.npmjs.org/style-mod/-/style-mod-3.2.2.tgz",
			"integrity": "sha512-7X3zF+GjUSQ/opNrzuEOqM+lF+4SOkG5aWxrNw/5rwBrHytsH1Ly8/o9e6Wnqoul2lLT1Pmue63LgiE6mEZAGw==",
			"peer": true
		},
		"typescript": {
			"version": "4.2.4",
			"resolved": "https://registry.npmjs.org/typescript/-/typescript-4.2.4.tgz",
			"integrity": "sha512-V+evlYHZnQkaz8TRBuxTA92yZBPotr5H+WhQ7bD3hZUndx5tGOa1fuCgeSjxAzM1RiN5IzvadIXTVefuuwZCRg==",
			"dev": true
		},
		"w3c-keyname": {
			"version": "2.2.4",
			"resolved": "https://registry.npmjs.org/w3c-keyname/-/w3c-keyname-2.2.4.tgz",
			"integrity": "sha512-tOhfEwEzFLJzf6d1ZPkYfGj+FWhIpBux9ppoP3rlclw3Z0BZv3N7b7030Z1kYth+6rDuAsXUFr+d0VE6Ed1ikw==",
			"peer": true
		}
	}
}
